
Microsoft Visual Studio Solution File, Format Version 12.00
# Visual Studio Version 17
VisualStudioVersion = 17.0.31903.59
MinimumVisualStudioVersion = 10.0.40219.1
Project("{9A19103F-16F7-4668-BE54-9A1E7A4F7556}") = "MarioStateMachine", "MarioStateMachine\MarioStateMachine.csproj", "{340199df-a401-4035-919a-a31357b31e1a}"
EndProject
Project("{9A19103F-16F7-4668-BE54-9A1E7A4F7556}") = "MarioStateMachineTests", "MarioStateMachineTests\MarioStateMachineTests.csproj", "{da78fd70-6376-4a8b-9cba-351953218217}"
EndProject
Global
	GlobalSection(SolutionConfigurationPlatforms) = preSolution
		Debug|Any CPU = Debug|Any CPU
		Release|Any CPU = Release|Any CPU
	EndGlobalSection
	GlobalSection(ProjectConfigurationPlatforms) = postSolution
		{340199df-a401-4035-919a-a31357b31e1a}.Debug|Any CPU.ActiveCfg = Debug|Any CPU
		{340199df-a401-4035-919a-a31357b31e1a}.Debug|Any CPU.Build.0 = Debug|Any CPU
		{340199df-a401-4035-919a-a31357b31e1a}.Release|Any CPU.ActiveCfg = Release|Any CPU
		{340199df-a401-4035-919a-a31357b31e1a}.Release|Any CPU.Build.0 = Release|Any CPU
		{da78fd70-6376-4a8b-9cba-351953218217}.Debug|Any CPU.ActiveCfg = Debug|Any CPU
		{da78fd70-6376-4a8b-9cba-351953218217}.Debug|Any CPU.Build.0 = Debug|Any CPU
		{da78fd70-6376-4a8b-9cba-351953218217}.Release|Any CPU.ActiveCfg = Release|Any CPU
		{da78fd70-6376-4a8b-9cba-351953218217}.Release|Any CPU.Build.0 = Release|Any CPU
	EndGlobalSection
EndGlobal